
Microsoft Visual Studio Solution File, Format Version 12.00
Project("{FAE04EC0-301F-11D3-BF4B-00C04F79EFBC}") = "JsonBenchmark", "JsonBenchmark\JsonBenchmark.csproj", "{0E1B9354-75E7-4970-8FF8-3F6D84C70963}"
EndProject
Project("{FAE04EC0-301F-11D3-BF4B-00C04F79EFBC}") = "UnitTests", "UnitTests\UnitTests.csproj", "{6468D117-9CD8-4C77-BDFD-A713E7119289}"
EndProject
Global
	GlobalSection(SolutionConfigurationPlatforms) = preSolution
		Debug|Any CPU = Debug|Any CPU
		Release|Any CPU = Release|Any CPU
	EndGlobalSection
	GlobalSection(ProjectConfigurationPlatforms) = postSolution
		{0E1B9354-75E7-4970-8FF8-3F6D84C70963}.Debug|Any CPU.ActiveCfg = Debug|Any CPU
		{0E1B9354-75E7-4970-8FF8-3F6D84C70963}.Debug|Any CPU.Build.0 = Debug|Any CPU
		{0E1B9354-75E7-4970-8FF8-3F6D84C70963}.Release|Any CPU.ActiveCfg = Release|Any CPU
		{0E1B9354-75E7-4970-8FF8-3F6D84C70963}.Release|Any CPU.Build.0 = Release|Any CPU
		{6468D117-9CD8-4C77-BDFD-A713E7119289}.Debug|Any CPU.ActiveCfg = Debug|Any CPU
		{6468D117-9CD8-4C77-BDFD-A713E7119289}.Debug|Any CPU.Build.0 = Debug|Any CPU
		{6468D117-9CD8-4C77-BDFD-A713E7119289}.Release|Any CPU.ActiveCfg = Release|Any CPU
		{6468D117-9CD8-4C77-BDFD-A713E7119289}.Release|Any CPU.Build.0 = Release|Any CPU
	EndGlobalSection
EndGlobal
